# THIS IS AN AUTOGENERATED FILE. DO NOT EDIT THIS FILE DIRECTLY.
# yarn lockfile v1


"@girs/accountsservice-1.0@1.0.0-4.0.0-beta.38":
  version "1.0.0-4.0.0-beta.38"
  resolved "https://registry.npmjs.org/@girs/accountsservice-1.0/-/accountsservice-1.0-1.0.0-4.0.0-beta.38.tgz"
  integrity sha512-6QzytM5dztmMynF2bxN73EuNK9ArMFxkP2L8wUC7IH45zBeBOfYcqL85BFh2PmkGmqRk+Rli5EFR8dAkx3Ig5Q==
  dependencies:
    "@girs/gio-2.0" "2.86.0-4.0.0-beta.38"
    "@girs/gjs" "4.0.0-beta.38"
    "@girs/glib-2.0" "2.86.0-4.0.0-beta.38"
    "@girs/gmodule-2.0" "2.0.0-4.0.0-beta.38"
    "@girs/gobject-2.0" "2.86.0-4.0.0-beta.38"

"@girs/adw-1@^1.9.0-4.0.0-beta.38":
  version "1.9.0-4.0.0-beta.40"
  resolved "https://registry.npmjs.org/@girs/adw-1/-/adw-1-1.9.0-4.0.0-beta.40.tgz"
  integrity sha512-AaP8nDnUQkB7AUiOvOXXyXbjFC/L8Uh8MwqDD/NZKpIGKYwgE8hfuLyPW1d/K10wabLq4pgO19QJiTpr6hKyhg==
  dependencies:
    "@girs/cairo-1.0" "1.0.0-4.0.0-beta.40"
    "@girs/freetype2-2.0" "2.0.0-4.0.0-beta.40"
    "@girs/gdk-4.0" "4.0.0-4.0.0-beta.40"
    "@girs/gdkpixbuf-2.0" "2.0.0-4.0.0-beta.40"
    "@girs/gio-2.0" "2.86.4-4.0.0-beta.40"
    "@girs/gjs" "4.0.0-beta.40"
    "@girs/glib-2.0" "2.86.4-4.0.0-beta.40"
    "@girs/gmodule-2.0" "2.0.0-4.0.0-beta.40"
    "@girs/gobject-2.0" "2.86.4-4.0.0-beta.40"
    "@girs/graphene-1.0" "1.0.0-4.0.0-beta.40"
    "@girs/gsk-4.0" "4.0.0-4.0.0-beta.40"
    "@girs/gtk-4.0" "4.20.3-4.0.0-beta.40"
    "@girs/harfbuzz-0.0" "11.5.1-4.0.0-beta.40"
    "@girs/pango-1.0" "1.57.0-4.0.0-beta.40"
    "@girs/pangocairo-1.0" "1.0.0-4.0.0-beta.40"

"@girs/atk-1.0@^2.58.0-4.0.0-beta.38":
  version "2.58.0-4.0.0-beta.38"
  resolved "https://registry.npmjs.org/@girs/atk-1.0/-/atk-1.0-2.58.0-4.0.0-beta.38.tgz"
  integrity sha512-rfLlLlAecHE1uAqK81DHZT27E1nVwN/pAHtgbgDUcu70UdHoCYAsQymLjk/tuDcTX0Lwp6U9x6w+GHG1sbYlQA==
  dependencies:
    "@girs/gjs" "4.0.0-beta.38"
    "@girs/glib-2.0" "2.86.0-4.0.0-beta.38"
    "@girs/gobject-2.0" "2.86.0-4.0.0-beta.38"

"@girs/atk-1.0@2.60.0-4.0.0-rc.5":
  version "2.60.0-4.0.0-rc.5"
  resolved "https://registry.npmjs.org/@girs/atk-1.0/-/atk-1.0-2.60.0-4.0.0-rc.5.tgz"
  integrity sha512-imIiZKEcv6M2TsjzQ1mNkmJvbuMjeH28vGX8KF7HIecdQljO5G/mHtBPlmCRMObIbCrY/VG7DNmpIAX0ZMZpjw==
  dependencies:
    "@girs/gjs" "4.0.0-rc.5"
    "@girs/glib-2.0" "2.88.0-4.0.0-rc.5"
    "@girs/gobject-2.0" "2.88.0-4.0.0-rc.5"

"@girs/cairo-1.0@1.0.0-4.0.0-beta.38":
  version "1.0.0-4.0.0-beta.38"
  resolved "https://registry.npmjs.org/@girs/cairo-1.0/-/cairo-1.0-1.0.0-4.0.0-beta.38.tgz"
  integrity sha512-VJa0vw9teZjCydDzWIcbNBwT37MSej52rqwBuQ/ir7+72+7dpzeudkNOOif1nDIulGu+RLAy4cgWbguQhsUH/Q==
  dependencies:
    "@girs/gjs" "4.0.0-beta.38"
    "@girs/glib-2.0" "2.86.0-4.0.0-beta.38"
    "@girs/gobject-2.0" "2.86.0-4.0.0-beta.38"

"@girs/cairo-1.0@1.0.0-4.0.0-beta.40":
  version "1.0.0-4.0.0-beta.40"
  resolved "https://registry.npmjs.org/@girs/cairo-1.0/-/cairo-1.0-1.0.0-4.0.0-beta.40.tgz"
  integrity sha512-luqUsMf2cPphDc4lb8IHcw0bX8eGa4g0aQypZJypAeIs9eyHfEDHWKhLgp4I0HaQvaevbd3QBosaH7UhkArL1A==
  dependencies:
    "@girs/gjs" "4.0.0-beta.40"
    "@girs/glib-2.0" "2.86.4-4.0.0-beta.40"
    "@girs/gobject-2.0" "2.86.4-4.0.0-beta.40"

"@girs/cairo-1.0@1.0.0-4.0.0-rc.5":
  version "1.0.0-4.0.0-rc.5"
  resolved "https://registry.npmjs.org/@girs/cairo-1.0/-/cairo-1.0-1.0.0-4.0.0-rc.5.tgz"
  integrity sha512-KcZ4EDI6qVKPzLF4V6B4LuUKzA5krH3nnzJAljge51PLYFeMDb2cHVuIxZ159y84cRGddZxlGDvgqcc3i8b3rQ==
  dependencies:
    "@girs/gjs" "4.0.0-rc.5"
    "@girs/glib-2.0" "2.88.0-4.0.0-rc.5"
    "@girs/gobject-2.0" "2.88.0-4.0.0-rc.5"

"@girs/clutter-17@^17.0.0-4.0.0-beta.38", "@girs/clutter-17@17.0.0-4.0.0-rc.5":
  version "17.0.0-4.0.0-rc.5"
  resolved "https://registry.npmjs.org/@girs/clutter-17/-/clutter-17-17.0.0-4.0.0-rc.5.tgz"
  integrity sha512-HYbJv9wZDL+6xioDlctpHoX9Z0mcgqY/07CbxzapTd+/azVdtSbSGtiuzAdwuy0Kb6gRFaFww/rFG8TTGkFrMQ==
  dependencies:
    "@girs/atk-1.0" "2.60.0-4.0.0-rc.5"
    "@girs/cairo-1.0" "1.0.0-4.0.0-rc.5"
    "@girs/cogl-17" "17.0.0-4.0.0-rc.5"
    "@girs/freetype2-2.0" "2.0.0-4.0.0-rc.5"
    "@girs/gio-2.0" "2.88.0-4.0.0-rc.5"
    "@girs/gjs" "4.0.0-rc.5"
    "@girs/gl-1.0" "1.0.0-4.0.0-rc.5"
    "@girs/glib-2.0" "2.88.0-4.0.0-rc.5"
    "@girs/gmodule-2.0" "2.0.0-4.0.0-rc.5"
    "@girs/gobject-2.0" "2.88.0-4.0.0-rc.5"
    "@girs/graphene-1.0" "1.0.0-4.0.0-rc.5"
    "@girs/harfbuzz-0.0" "13.2.1-4.0.0-rc.5"
    "@girs/mtk-17" "17.0.0-4.0.0-rc.5"
    "@girs/pango-1.0" "1.57.1-4.0.0-rc.5"

"@girs/cogl-17@17.0.0-4.0.0-rc.5":
  version "17.0.0-4.0.0-rc.5"
  resolved "https://registry.npmjs.org/@girs/cogl-17/-/cogl-17-17.0.0-4.0.0-rc.5.tgz"
  integrity sha512-N+pkkbrnvvdZhDKVXfKT+6LAEWPb3R7QtkPlCkP3au7j0Z2LcVYcsUYbST6e0AtaOds07L1173x0foP1d6jWaQ==
  dependencies:
    "@girs/gjs" "4.0.0-rc.5"
    "@girs/gl-1.0" "1.0.0-4.0.0-rc.5"
    "@girs/glib-2.0" "2.88.0-4.0.0-rc.5"
    "@girs/gobject-2.0" "2.88.0-4.0.0-rc.5"
    "@girs/graphene-1.0" "1.0.0-4.0.0-rc.5"
    "@girs/mtk-17" "17.0.0-4.0.0-rc.5"

"@girs/cogl-2.0@^2.0.0-4.0.0-beta.38":
  version "2.0.0-4.0.0-rc.5"
  resolved "https://registry.npmjs.org/@girs/cogl-2.0/-/cogl-2.0-2.0.0-4.0.0-rc.5.tgz"
  integrity sha512-Jwrp4E0s9NYCFsgQpTIbOBSDpk3baUITFIqnkk/7C543RxSe9rDJIlUr5NRebpRSuNoHOOsSQ0/ftMx63kea2Q==
  dependencies:
    "@girs/gjs" "4.0.0-rc.5"
    "@girs/gl-1.0" "1.0.0-4.0.0-rc.5"
    "@girs/glib-2.0" "2.88.0-4.0.0-rc.5"
    "@girs/gobject-2.0" "2.88.0-4.0.0-rc.5"

"@girs/freetype2-2.0@2.0.0-4.0.0-beta.38":
  version "2.0.0-4.0.0-beta.38"
  resolved "https://registry.npmjs.org/@girs/freetype2-2.0/-/freetype2-2.0-2.0.0-4.0.0-beta.38.tgz"
  integrity sha512-543dlQheKHSVWIatqHNBiLceIWYzIJDXvofR3PfgarKMMi0IRkn1TndzxUxsLC4Eu24KgOKGZYjU1YPUMVGbgg==
  dependencies:
    "@girs/gjs" "4.0.0-beta.38"
    "@girs/gobject-2.0" "2.86.0-4.0.0-beta.38"

"@girs/freetype2-2.0@2.0.0-4.0.0-beta.40":
  version "2.0.0-4.0.0-beta.40"
  resolved "https://registry.npmjs.org/@girs/freetype2-2.0/-/freetype2-2.0-2.0.0-4.0.0-beta.40.tgz"
  integrity sha512-vS+etsSesMQZNH8Sei81fmkWcgYzjLDbddSPIZaCw2nJ1TIu8eC/CTW46bBk0JGgOaQwL3DxuE0V+BdyhQwIyQ==
  dependencies:
    "@girs/gjs" "4.0.0-beta.40"
    "@girs/gobject-2.0" "2.86.4-4.0.0-beta.40"

"@girs/freetype2-2.0@2.0.0-4.0.0-rc.5":
  version "2.0.0-4.0.0-rc.5"
  resolved "https://registry.npmjs.org/@girs/freetype2-2.0/-/freetype2-2.0-2.0.0-4.0.0-rc.5.tgz"
  integrity sha512-s3N2EWyMUODPVyTCQE/2jhcELAIkYzhSycx3553USPeYZ2nL63XqRjTXsbLrdqgUhI9iaa0mR7mRENw+OjyEsQ==
  dependencies:
    "@girs/gjs" "4.0.0-rc.5"
    "@girs/gobject-2.0" "2.88.0-4.0.0-rc.5"

"@girs/gck-2@4.4.0-4.0.0-rc.5":
  version "4.4.0-4.0.0-rc.5"
  resolved "https://registry.npmjs.org/@girs/gck-2/-/gck-2-4.4.0-4.0.0-rc.5.tgz"
  integrity sha512-IsH5UxFwReN9ek2mVhk7QFlbKp6XBg+dJVzwjaJKoAQy6nYacEM61aUlTkH6FpQpCK2NK9K6lV9whaXRH6PhlA==
  dependencies:
    "@girs/gio-2.0" "2.88.0-4.0.0-rc.5"
    "@girs/gjs" "4.0.0-rc.5"
    "@girs/glib-2.0" "2.88.0-4.0.0-rc.5"
    "@girs/gmodule-2.0" "2.0.0-4.0.0-rc.5"
    "@girs/gobject-2.0" "2.88.0-4.0.0-rc.5"

"@girs/gcr-4@^4.4.0-4.0.0-beta.38", "@girs/gcr-4@4.4.0-4.0.0-rc.5":
  version "4.4.0-4.0.0-rc.5"
  resolved "https://registry.npmjs.org/@girs/gcr-4/-/gcr-4-4.4.0-4.0.0-rc.5.tgz"
  integrity sha512-68zb2g0PedauRVZIbr7CafJ3tXrgYz8cFcmXWfiV4IyBR0lxQL3a3GybjJTE1nZTSyNLl35upFH8eui0AZayuw==
  dependencies:
    "@girs/gck-2" "4.4.0-4.0.0-rc.5"
    "@girs/gio-2.0" "2.88.0-4.0.0-rc.5"
    "@girs/gjs" "4.0.0-rc.5"
    "@girs/glib-2.0" "2.88.0-4.0.0-rc.5"
    "@girs/gmodule-2.0" "2.0.0-4.0.0-rc.5"
    "@girs/gobject-2.0" "2.88.0-4.0.0-rc.5"

"@girs/gdesktopenums-3.0@3.0.0-4.0.0-rc.5":
  version "3.0.0-4.0.0-rc.5"
  resolved "https://registry.npmjs.org/@girs/gdesktopenums-3.0/-/gdesktopenums-3.0-3.0.0-4.0.0-rc.5.tgz"
  integrity sha512-MZpbwxS+S3GL0UWXeL3pSLDqNOpR4oykOVU5LXdXZ3WUNFIx0vpOh4gxsnqV5SJSkRDo9q6e0v5UtxaqbaTTZg==
  dependencies:
    "@girs/gjs" "4.0.0-rc.5"
    "@girs/gobject-2.0" "2.88.0-4.0.0-rc.5"

"@girs/gdk-4.0@4.0.0-4.0.0-beta.38":
  version "4.0.0-4.0.0-beta.38"
  resolved "https://registry.npmjs.org/@girs/gdk-4.0/-/gdk-4.0-4.0.0-4.0.0-beta.38.tgz"
  integrity sha512-hk6SG4pCcezKp2VNxJc0TC1gkZe3C8shD8sRQ3bUGyWl/9581WM2/8UU+W6fOf3SwXA1hquN6d3SjKbqkFNRKg==
  dependencies:
    "@girs/cairo-1.0" "1.0.0-4.0.0-beta.38"
    "@girs/freetype2-2.0" "2.0.0-4.0.0-beta.38"
    "@girs/gdkpixbuf-2.0" "2.0.0-4.0.0-beta.38"
    "@girs/gio-2.0" "2.86.0-4.0.0-beta.38"
    "@girs/gjs" "4.0.0-beta.38"
    "@girs/glib-2.0" "2.86.0-4.0.0-beta.38"
    "@girs/gmodule-2.0" "2.0.0-4.0.0-beta.38"
    "@girs/gobject-2.0" "2.86.0-4.0.0-beta.38"
    "@girs/harfbuzz-0.0" "11.5.0-4.0.0-beta.38"
    "@girs/pango-1.0" "1.57.0-4.0.0-beta.38"
    "@girs/pangocairo-1.0" "1.0.0-4.0.0-beta.38"

"@girs/gdk-4.0@4.0.0-4.0.0-beta.40":
  version "4.0.0-4.0.0-beta.40"
  resolved "https://registry.npmjs.org/@girs/gdk-4.0/-/gdk-4.0-4.0.0-4.0.0-beta.40.tgz"
  integrity sha512-4O5Yqk1QSKUqaRn7402XtkGFwg/7SMoGof0Xe/JiqnjF7oDav2giRUoDKx4uXKnfQm+6NA69b0meGEXr8yJJYA==
  dependencies:
    "@girs/cairo-1.0" "1.0.0-4.0.0-beta.40"
    "@girs/freetype2-2.0" "2.0.0-4.0.0-beta.40"
    "@girs/gdkpixbuf-2.0" "2.0.0-4.0.0-beta.40"
    "@girs/gio-2.0" "2.86.4-4.0.0-beta.40"
    "@girs/gjs" "4.0.0-beta.40"
    "@girs/glib-2.0" "2.86.4-4.0.0-beta.40"
    "@girs/gmodule-2.0" "2.0.0-4.0.0-beta.40"
    "@girs/gobject-2.0" "2.86.4-4.0.0-beta.40"
    "@girs/harfbuzz-0.0" "11.5.1-4.0.0-beta.40"
    "@girs/pango-1.0" "1.57.0-4.0.0-beta.40"
    "@girs/pangocairo-1.0" "1.0.0-4.0.0-beta.40"

"@girs/gdk-4.0@4.0.0-4.0.0-rc.5":
  version "4.0.0-4.0.0-rc.5"
  resolved "https://registry.npmjs.org/@girs/gdk-4.0/-/gdk-4.0-4.0.0-4.0.0-rc.5.tgz"
  integrity sha512-qz8sYKMf3ijAdUvoYcUSC05GgWDWNMcI1nQfd9lV/0Q09o25vdGjDzlG6AuGz42zPEIJkgSlTL/MlfCFyMlyMQ==
  dependencies:
    "@girs/cairo-1.0" "1.0.0-4.0.0-rc.5"
    "@girs/freetype2-2.0" "2.0.0-4.0.0-rc.5"
    "@girs/gdkpixbuf-2.0" "2.0.0-4.0.0-rc.5"
    "@girs/gio-2.0" "2.88.0-4.0.0-rc.5"
    "@girs/gjs" "4.0.0-rc.5"
    "@girs/glib-2.0" "2.88.0-4.0.0-rc.5"
    "@girs/gmodule-2.0" "2.0.0-4.0.0-rc.5"
    "@girs/gobject-2.0" "2.88.0-4.0.0-rc.5"
    "@girs/harfbuzz-0.0" "13.2.1-4.0.0-rc.5"
    "@girs/pango-1.0" "1.57.1-4.0.0-rc.5"
    "@girs/pangocairo-1.0" "1.0.0-4.0.0-rc.5"

"@girs/gdkpixbuf-2.0@2.0.0-4.0.0-beta.38":
  version "2.0.0-4.0.0-beta.38"
  resolved "https://registry.npmjs.org/@girs/gdkpixbuf-2.0/-/gdkpixbuf-2.0-2.0.0-4.0.0-beta.38.tgz"
  integrity sha512-L8NE18rhj100lRGMnf7lNUdr6pHw2co1UtExxDnglba5lNee4NoyF/u8g4Mk3toPU0fAu+ug91HJ4o2mIJd7MQ==
  dependencies:
    "@girs/gio-2.0" "2.86.0-4.0.0-beta.38"
    "@girs/gjs" "4.0.0-beta.38"
    "@girs/glib-2.0" "2.86.0-4.0.0-beta.38"
    "@girs/gmodule-2.0" "2.0.0-4.0.0-beta.38"
    "@girs/gobject-2.0" "2.86.0-4.0.0-beta.38"

"@girs/gdkpixbuf-2.0@2.0.0-4.0.0-beta.40":
  version "2.0.0-4.0.0-beta.40"
  resolved "https://registry.npmjs.org/@girs/gdkpixbuf-2.0/-/gdkpixbuf-2.0-2.0.0-4.0.0-beta.40.tgz"
  integrity sha512-ImVsfgs4OdJnWqZm1ugB+WcpySf2wNtY99nUBm+/YpCLeIyrl+NRbft+ymom6CTim83f3XzwaOCDEwE5azj42w==
  dependencies:
    "@girs/gio-2.0" "2.86.4-4.0.0-beta.40"
    "@girs/gjs" "4.0.0-beta.40"
    "@girs/glib-2.0" "2.86.4-4.0.0-beta.40"
    "@girs/gmodule-2.0" "2.0.0-4.0.0-beta.40"
    "@girs/gobject-2.0" "2.86.4-4.0.0-beta.40"

"@girs/gdkpixbuf-2.0@2.0.0-4.0.0-rc.5":
  version "2.0.0-4.0.0-rc.5"
  resolved "https://registry.npmjs.org/@girs/gdkpixbuf-2.0/-/gdkpixbuf-2.0-2.0.0-4.0.0-rc.5.tgz"
  integrity sha512-D/ZWucyCZyG41R/FZFY8CKF9LrAFuk0qzjRcan4WmTornrXgbPuvvqulV9PtgcMgkYFP+rzXIGrBQXebgqNhZA==
  dependencies:
    "@girs/gio-2.0" "2.88.0-4.0.0-rc.5"
    "@girs/gjs" "4.0.0-rc.5"
    "@girs/glib-2.0" "2.88.0-4.0.0-rc.5"
    "@girs/gmodule-2.0" "2.0.0-4.0.0-rc.5"
    "@girs/gobject-2.0" "2.88.0-4.0.0-rc.5"

"@girs/gdm-1.0@^1.0.0-4.0.0-beta.38":
  version "1.0.0-4.0.0-rc.5"
  resolved "https://registry.npmjs.org/@girs/gdm-1.0/-/gdm-1.0-1.0.0-4.0.0-rc.5.tgz"
  integrity sha512-xdJtqEyMGet2XdfepQZxgiErh0O1Lom3X4dlGEHZDr0kXv1PHI1RNsILnsRAnACNOoxAaQVvKdRTOSUXAftsVg==
  dependencies:
    "@girs/gio-2.0" "2.88.0-4.0.0-rc.5"
    "@girs/gjs" "4.0.0-rc.5"
    "@girs/glib-2.0" "2.88.0-4.0.0-rc.5"
    "@girs/gmodule-2.0" "2.0.0-4.0.0-rc.5"
    "@girs/gobject-2.0" "2.88.0-4.0.0-rc.5"

"@girs/gio-2.0@^2.86.0-4.0.0-beta.38", "@girs/gio-2.0@2.86.0-4.0.0-beta.38":
  version "2.86.0-4.0.0-beta.38"
  resolved "https://registry.npmjs.org/@girs/gio-2.0/-/gio-2.0-2.86.0-4.0.0-beta.38.tgz"
  integrity sha512-hKCyDEqSIgqcZeFf63KNrUnrYtAuJ0yfIypbdLgNEMbJBPQ/e3ZiwzWa7i3OPCh52Cnl9qYRdj8MSbZndpyZiQ==
  dependencies:
    "@girs/gjs" "4.0.0-beta.38"
    "@girs/glib-2.0" "2.86.0-4.0.0-beta.38"
    "@girs/gmodule-2.0" "2.0.0-4.0.0-beta.38"
    "@girs/gobject-2.0" "2.86.0-4.0.0-beta.38"

"@girs/gio-2.0@2.86.4-4.0.0-beta.40":
  version "2.86.4-4.0.0-beta.40"
  resolved "https://registry.npmjs.org/@girs/gio-2.0/-/gio-2.0-2.86.4-4.0.0-beta.40.tgz"
  integrity sha512-TTAEE/2nCAkx01hID4n8f0ByiFJ0QwGJcY8QYmom19QXmlIWCLF/GWLeXi/7ZyKJOtChSFk8IJglS0O6zC1spw==
  dependencies:
    "@girs/gjs" "4.0.0-beta.40"
    "@girs/glib-2.0" "2.86.4-4.0.0-beta.40"
    "@girs/gmodule-2.0" "2.0.0-4.0.0-beta.40"
    "@girs/gobject-2.0" "2.86.4-4.0.0-beta.40"

"@girs/gio-2.0@2.88.0-4.0.0-rc.5":
  version "2.88.0-4.0.0-rc.5"
  resolved "https://registry.npmjs.org/@girs/gio-2.0/-/gio-2.0-2.88.0-4.0.0-rc.5.tgz"
  integrity sha512-LshhybqjNp3m0Pub2EnzkvRNXQMear/fcpYvzyXBAAPHBzvQpi+MCzTfhBf7VjqtNKaENdLOcMEPwkeZE3EmuA==
  dependencies:
    "@girs/gjs" "4.0.0-rc.5"
    "@girs/glib-2.0" "2.88.0-4.0.0-rc.5"
    "@girs/gmodule-2.0" "2.0.0-4.0.0-rc.5"
    "@girs/gobject-2.0" "2.88.0-4.0.0-rc.5"

"@girs/giounix-2.0@^2.0.0-4.0.0-beta.38", "@girs/giounix-2.0@2.0.0-4.0.0-rc.5":
  version "2.0.0-4.0.0-rc.5"
  resolved "https://registry.npmjs.org/@girs/giounix-2.0/-/giounix-2.0-2.0.0-4.0.0-rc.5.tgz"
  integrity sha512-sWQAt7t30b/jIo24/iszqD7aZihc1eGmN+GlZQwiU5078A8I+sKiyRyqOkKAnSOwRZfb+nsKYDCvqJNnaMfWxg==
  dependencies:
    "@girs/gio-2.0" "2.88.0-4.0.0-rc.5"
    "@girs/gjs" "4.0.0-rc.5"
    "@girs/glib-2.0" "2.88.0-4.0.0-rc.5"
    "@girs/gmodule-2.0" "2.0.0-4.0.0-rc.5"
    "@girs/gobject-2.0" "2.88.0-4.0.0-rc.5"

"@girs/gjs@^4.0.0-beta.38", "@girs/gjs@^4.0.0-rc.5", "@girs/gjs@4.0.0-rc.5":
  version "4.0.0-rc.5"
  resolved "https://registry.npmjs.org/@girs/gjs/-/gjs-4.0.0-rc.5.tgz"
  integrity sha512-32j02MyJD5GdlfORLnQ5CdC5m+AwWcpnK3AJvKo9JzB/LIlynvNgxQE0SdFM3WYwkqoYvASHR76mLyOVVjbZeA==
  dependencies:
    "@girs/cairo-1.0" "1.0.0-4.0.0-rc.5"
    "@girs/gio-2.0" "2.88.0-4.0.0-rc.5"
    "@girs/glib-2.0" "2.88.0-4.0.0-rc.5"
    "@girs/gobject-2.0" "2.88.0-4.0.0-rc.5"

"@girs/gjs@4.0.0-beta.38":
  version "4.0.0-beta.38"
  resolved "https://registry.npmjs.org/@girs/gjs/-/gjs-4.0.0-beta.38.tgz"
  integrity sha512-eI/9lfI1mQpXN8RsKiNRFWJso6LgQe9Eb+YxLAdKarD5fccvIRx3chsyIyhw5tYH7VvgaZkqm1c4GX7pDDokBQ==
  dependencies:
    "@girs/cairo-1.0" "1.0.0-4.0.0-beta.38"
    "@girs/gio-2.0" "2.86.0-4.0.0-beta.38"
    "@girs/glib-2.0" "2.86.0-4.0.0-beta.38"
    "@girs/gobject-2.0" "2.86.0-4.0.0-beta.38"

"@girs/gjs@4.0.0-beta.40":
  version "4.0.0-beta.40"
  resolved "https://registry.npmjs.org/@girs/gjs/-/gjs-4.0.0-beta.40.tgz"
  integrity sha512-+gHGA5PJvEExpiPkpc3+DSjhWGmxHDb482h52FO64eo2EmHuLoeOKCoUJIY0PS80xOJWFRSO2dNFxZdD1bV6XA==
  dependencies:
    "@girs/cairo-1.0" "1.0.0-4.0.0-beta.40"
    "@girs/gio-2.0" "2.86.4-4.0.0-beta.40"
    "@girs/glib-2.0" "2.86.4-4.0.0-beta.40"
    "@girs/gobject-2.0" "2.86.4-4.0.0-beta.40"

"@girs/gl-1.0@1.0.0-4.0.0-rc.5":
  version "1.0.0-4.0.0-rc.5"
  resolved "https://registry.npmjs.org/@girs/gl-1.0/-/gl-1.0-1.0.0-4.0.0-rc.5.tgz"
  integrity sha512-oMkWS/l/HEQdRIfJgjrYKdSEuEHkZbp7LRmg9LqaLyNix2c6TUquqBReAehyxQ86aq81pPnxmJqSoC5YNuRKIw==
  dependencies:
    "@girs/gjs" "4.0.0-rc.5"
    "@girs/gobject-2.0" "2.88.0-4.0.0-rc.5"

"@girs/glib-2.0@^2.86.0-4.0.0-beta.38", "@girs/glib-2.0@2.86.0-4.0.0-beta.38":
  version "2.86.0-4.0.0-beta.38"
  resolved "https://registry.npmjs.org/@girs/glib-2.0/-/glib-2.0-2.86.0-4.0.0-beta.38.tgz"
  integrity sha512-TFbrh5+Y3pb61synbhi37VrRzh0e+JQaRCzfGbe7oewUq0v7Sb8eSi2Fmj98r5tCizaRYptqgt6bxG7G5cFzVg==
  dependencies:
    "@girs/gjs" "4.0.0-beta.38"
    "@girs/gobject-2.0" "2.86.0-4.0.0-beta.38"

"@girs/glib-2.0@2.86.4-4.0.0-beta.40":
  version "2.86.4-4.0.0-beta.40"
  resolved "https://registry.npmjs.org/@girs/glib-2.0/-/glib-2.0-2.86.4-4.0.0-beta.40.tgz"
  integrity sha512-DTvRmZlTVpYW+JI0zMN/dybhzoqJ/I3bx3txftSQgcxXl3mKnrSI6Qzv15VTyxQSpcnD3CBxpnfYT/+QrzU9QQ==
  dependencies:
    "@girs/gjs" "4.0.0-beta.40"
    "@girs/gobject-2.0" "2.86.4-4.0.0-beta.40"

"@girs/glib-2.0@2.88.0-4.0.0-rc.5":
  version "2.88.0-4.0.0-rc.5"
  resolved "https://registry.npmjs.org/@girs/glib-2.0/-/glib-2.0-2.88.0-4.0.0-rc.5.tgz"
  integrity sha512-v05lTgvcEvX26gj2lMIqDgNeRzDp/vUNkPAb76tAD8BBVJ9HvV3hUpV4qeXZozU7CD37Lsk9pfAkKCJrOh6XQQ==
  dependencies:
    "@girs/gjs" "4.0.0-rc.5"
    "@girs/gobject-2.0" "2.88.0-4.0.0-rc.5"

"@girs/gmodule-2.0@2.0.0-4.0.0-beta.38":
  version "2.0.0-4.0.0-beta.38"
  resolved "https://registry.npmjs.org/@girs/gmodule-2.0/-/gmodule-2.0-2.0.0-4.0.0-beta.38.tgz"
  integrity sha512-BmspJtwdBSfCJRZQMxn3gx6H9FNcoqCebFXK2UKknq18DIo8U2q4iN/jQBWPoLh2siK9LhCdL2egoyXteTy1NA==
  dependencies:
    "@girs/gjs" "4.0.0-beta.38"
    "@girs/glib-2.0" "2.86.0-4.0.0-beta.38"
    "@girs/gobject-2.0" "2.86.0-4.0.0-beta.38"

"@girs/gmodule-2.0@2.0.0-4.0.0-beta.40":
  version "2.0.0-4.0.0-beta.40"
  resolved "https://registry.npmjs.org/@girs/gmodule-2.0/-/gmodule-2.0-2.0.0-4.0.0-beta.40.tgz"
  integrity sha512-srPSbc/uespMNHR2o2Gg6OYeCprW42gADIXCujpMMWl5OfJzKU0mA+R8Z/D713tDq0xp1Lz2P7hprVznf1uF3A==
  dependencies:
    "@girs/gjs" "4.0.0-beta.40"
    "@girs/glib-2.0" "2.86.4-4.0.0-beta.40"
    "@girs/gobject-2.0" "2.86.4-4.0.0-beta.40"

"@girs/gmodule-2.0@2.0.0-4.0.0-rc.5":
  version "2.0.0-4.0.0-rc.5"
  resolved "https://registry.npmjs.org/@girs/gmodule-2.0/-/gmodule-2.0-2.0.0-4.0.0-rc.5.tgz"
  integrity sha512-ZhgllRPf32vtPti1BdYbZRHEixN4rm6WrHUq+rBH0y4d2zPq0x7Y1p+N3n/A6/byVKteEh0PbAAxnKhJaFeAlA==
  dependencies:
    "@girs/gjs" "4.0.0-rc.5"
    "@girs/glib-2.0" "2.88.0-4.0.0-rc.5"
    "@girs/gobject-2.0" "2.88.0-4.0.0-rc.5"

"@girs/gnome-shell@^49.1.0":
  version "49.1.0"
  resolved "https://registry.npmjs.org/@girs/gnome-shell/-/gnome-shell-49.1.0.tgz"
  integrity sha512-14Re6+DIrozWOErzW9fqvTAn0o9/1rMZuSDQ7BPIC+MYxmNmIlqzjo0kecbkXMN4ZY1zRpgfahbkiFwjJYZmfQ==
  dependencies:
    "@girs/accountsservice-1.0" "1.0.0-4.0.0-beta.38"
    "@girs/adw-1" "^1.9.0-4.0.0-beta.38"
    "@girs/atk-1.0" "^2.58.0-4.0.0-beta.38"
    "@girs/clutter-17" "^17.0.0-4.0.0-beta.38"
    "@girs/cogl-2.0" "^2.0.0-4.0.0-beta.38"
    "@girs/gcr-4" "^4.4.0-4.0.0-beta.38"
    "@girs/gdm-1.0" "^1.0.0-4.0.0-beta.38"
    "@girs/gio-2.0" "^2.86.0-4.0.0-beta.38"
    "@girs/giounix-2.0" "^2.0.0-4.0.0-beta.38"
    "@girs/gjs" "^4.0.0-beta.38"
    "@girs/glib-2.0" "^2.86.0-4.0.0-beta.38"
    "@girs/gnomebg-4.0" "^4.0.0-4.0.0-beta.38"
    "@girs/gnomebluetooth-3.0" "^3.0.0-4.0.0-beta.38"
    "@girs/gnomedesktop-4.0" "^4.0.0-4.0.0-beta.38"
    "@girs/gobject-2.0" "^2.86.0-4.0.0-beta.38"
    "@girs/gtk-4.0" "^4.20.1-4.0.0-beta.38"
    "@girs/gvc-1.0" "^1.0.0-4.0.0-beta.38"
    "@girs/meta-17" "^17.0.0-4.0.0-beta.38"
    "@girs/mtk-17" "^17.0.0-4.0.0-beta.38"
    "@girs/polkit-1.0" "^1.0.0-4.0.0-beta.38"
    "@girs/shell-17" "^17.0.0-4.0.0-beta.38"
    "@girs/shew-0" "^0.0.0-4.0.0-beta.38"
    "@girs/st-17" "^17.0.0-4.0.0-beta.38"
    "@girs/upowerglib-1.0" "^0.99.1-4.0.0-beta.38"

"@girs/gnomebg-4.0@^4.0.0-4.0.0-beta.38":
  version "4.0.0-4.0.0-rc.5"
  resolved "https://registry.npmjs.org/@girs/gnomebg-4.0/-/gnomebg-4.0-4.0.0-4.0.0-rc.5.tgz"
  integrity sha512-WyHl0PT+2a7HleZZl6eRwgHlx5OGEM6j5zeIOb1j/r0/rbmKi5YG2AQg5jzgGVEW++VqUbRs9RVe3wUyMdjT3w==
  dependencies:
    "@girs/cairo-1.0" "1.0.0-4.0.0-rc.5"
    "@girs/freetype2-2.0" "2.0.0-4.0.0-rc.5"
    "@girs/gdesktopenums-3.0" "3.0.0-4.0.0-rc.5"
    "@girs/gdk-4.0" "4.0.0-4.0.0-rc.5"
    "@girs/gdkpixbuf-2.0" "2.0.0-4.0.0-rc.5"
    "@girs/gio-2.0" "2.88.0-4.0.0-rc.5"
    "@girs/gjs" "4.0.0-rc.5"
    "@girs/glib-2.0" "2.88.0-4.0.0-rc.5"
    "@girs/gmodule-2.0" "2.0.0-4.0.0-rc.5"
    "@girs/gnomedesktop-4.0" "4.0.0-4.0.0-rc.5"
    "@girs/gobject-2.0" "2.88.0-4.0.0-rc.5"
    "@girs/harfbuzz-0.0" "13.2.1-4.0.0-rc.5"
    "@girs/pango-1.0" "1.57.1-4.0.0-rc.5"
    "@girs/pangocairo-1.0" "1.0.0-4.0.0-rc.5"

"@girs/gnomebluetooth-3.0@^3.0.0-4.0.0-beta.38":
  version "3.0.0-4.0.0-rc.5"
  resolved "https://registry.npmjs.org/@girs/gnomebluetooth-3.0/-/gnomebluetooth-3.0-3.0.0-4.0.0-rc.5.tgz"
  integrity sha512-WAV/Ku9w+Zl+DwL020gZ4R8U861BVlCG2Yiw6KOA7yIs2Svixmub7qnWOXKQhc2TanT4adSpatxq7Y4uvtFdQQ==
  dependencies:
    "@girs/gio-2.0" "2.88.0-4.0.0-rc.5"
    "@girs/gjs" "4.0.0-rc.5"
    "@girs/glib-2.0" "2.88.0-4.0.0-rc.5"
    "@girs/gmodule-2.0" "2.0.0-4.0.0-rc.5"
    "@girs/gobject-2.0" "2.88.0-4.0.0-rc.5"

"@girs/gnomedesktop-4.0@^4.0.0-4.0.0-beta.38", "@girs/gnomedesktop-4.0@4.0.0-4.0.0-rc.5":
  version "4.0.0-4.0.0-rc.5"
  resolved "https://registry.npmjs.org/@girs/gnomedesktop-4.0/-/gnomedesktop-4.0-4.0.0-4.0.0-rc.5.tgz"
  integrity sha512-qfdNpMgCwnGDE+E3uYrA2dI7Q4sahbluxwMNTmCkIojoQMW3DvTFThufAFi907RcQ/C3OLmr+YXi3hnwIubxjg==
  dependencies:
    "@girs/gdesktopenums-3.0" "3.0.0-4.0.0-rc.5"
    "@girs/gdkpixbuf-2.0" "2.0.0-4.0.0-rc.5"
    "@girs/gio-2.0" "2.88.0-4.0.0-rc.5"
    "@girs/gjs" "4.0.0-rc.5"
    "@girs/glib-2.0" "2.88.0-4.0.0-rc.5"
    "@girs/gmodule-2.0" "2.0.0-4.0.0-rc.5"
    "@girs/gobject-2.0" "2.88.0-4.0.0-rc.5"

"@girs/gobject-2.0@^2.86.0-4.0.0-beta.38", "@girs/gobject-2.0@2.86.0-4.0.0-beta.38":
  version "2.86.0-4.0.0-beta.38"
  resolved "https://registry.npmjs.org/@girs/gobject-2.0/-/gobject-2.0-2.86.0-4.0.0-beta.38.tgz"
  integrity sha512-oYrm6Gb/tCQosMkN8Beu5jqGRkJ7LED4O1H1dKYOI4SnP1Ojb66A9ECy78yTO8piBtMopsbRODV81yKniVtKKA==
  dependencies:
    "@girs/gjs" "4.0.0-beta.38"
    "@girs/glib-2.0" "2.86.0-4.0.0-beta.38"

"@girs/gobject-2.0@2.86.4-4.0.0-beta.40":
  version "2.86.4-4.0.0-beta.40"
  resolved "https://registry.npmjs.org/@girs/gobject-2.0/-/gobject-2.0-2.86.4-4.0.0-beta.40.tgz"
  integrity sha512-coS5607duUekhRfl2GDC9Gt3WcgAtTNEDL0efrRBBOuORjvBrIGiGJJXB9cX4jYQ7c9FITUMVLTd+a0MMRAaXA==
  dependencies:
    "@girs/gjs" "4.0.0-beta.40"
    "@girs/glib-2.0" "2.86.4-4.0.0-beta.40"

"@girs/gobject-2.0@2.88.0-4.0.0-rc.5":
  version "2.88.0-4.0.0-rc.5"
  resolved "https://registry.npmjs.org/@girs/gobject-2.0/-/gobject-2.0-2.88.0-4.0.0-rc.5.tgz"
  integrity sha512-h18mC/PjkxhrmmjR6bBYW4e0c3mVzjGoy33Ljlu8E3Ebp8pHSrY0J4ycPwpK9oq44bLEPACA4BlYCRoWIvHX7w==
  dependencies:
    "@girs/gjs" "4.0.0-rc.5"
    "@girs/glib-2.0" "2.88.0-4.0.0-rc.5"

"@girs/graphene-1.0@1.0.0-4.0.0-beta.38":
  version "1.0.0-4.0.0-beta.38"
  resolved "https://registry.npmjs.org/@girs/graphene-1.0/-/graphene-1.0-1.0.0-4.0.0-beta.38.tgz"
  integrity sha512-zqCyLXFqsOJtCnwUR6lI6HBVdaJ6aKsA25y+6xK2dFO/NChOjH0hmBuVyTQiyLe+4jGW700o+uYIYlrpEXT/7Q==
  dependencies:
    "@girs/gjs" "4.0.0-beta.38"
    "@girs/glib-2.0" "2.86.0-4.0.0-beta.38"
    "@girs/gobject-2.0" "2.86.0-4.0.0-beta.38"

"@girs/graphene-1.0@1.0.0-4.0.0-beta.40":
  version "1.0.0-4.0.0-beta.40"
  resolved "https://registry.npmjs.org/@girs/graphene-1.0/-/graphene-1.0-1.0.0-4.0.0-beta.40.tgz"
  integrity sha512-0ReJbd31inyIE7Q96I4ED1uj6ssmfl1iB4xc6eakac95FZK/uZSC6uBtBLfA/tmnkgRb7ChQgK/ZGbb8sx4tHQ==
  dependencies:
    "@girs/gjs" "4.0.0-beta.40"
    "@girs/glib-2.0" "2.86.4-4.0.0-beta.40"
    "@girs/gobject-2.0" "2.86.4-4.0.0-beta.40"

"@girs/graphene-1.0@1.0.0-4.0.0-rc.5":
  version "1.0.0-4.0.0-rc.5"
  resolved "https://registry.npmjs.org/@girs/graphene-1.0/-/graphene-1.0-1.0.0-4.0.0-rc.5.tgz"
  integrity sha512-DI+6OFnt8FgvVJXpydZ2Bq2Ax8CSdsZeIXzz2Rir5y1kMe8TyFVhD2u+CNnumEcW3otz5xqVPZ+OvJB5SouNxQ==
  dependencies:
    "@girs/gjs" "4.0.0-rc.5"
    "@girs/glib-2.0" "2.88.0-4.0.0-rc.5"
    "@girs/gobject-2.0" "2.88.0-4.0.0-rc.5"

"@girs/gsk-4.0@4.0.0-4.0.0-beta.38":
  version "4.0.0-4.0.0-beta.38"
  resolved "https://registry.npmjs.org/@girs/gsk-4.0/-/gsk-4.0-4.0.0-4.0.0-beta.38.tgz"
  integrity sha512-BfYpVfmKjD7Tq58W5p9fcU6Mvg3QcNRjJ1oQn05d/Xk1rjQmsk6tkcTkK3i/KIOhA9eVadQsMlFFWuN0KBE5Dw==
  dependencies:
    "@girs/cairo-1.0" "1.0.0-4.0.0-beta.38"
    "@girs/freetype2-2.0" "2.0.0-4.0.0-beta.38"
    "@girs/gdk-4.0" "4.0.0-4.0.0-beta.38"
    "@girs/gdkpixbuf-2.0" "2.0.0-4.0.0-beta.38"
    "@girs/gio-2.0" "2.86.0-4.0.0-beta.38"
    "@girs/gjs" "4.0.0-beta.38"
    "@girs/glib-2.0" "2.86.0-4.0.0-beta.38"
    "@girs/gmodule-2.0" "2.0.0-4.0.0-beta.38"
    "@girs/gobject-2.0" "2.86.0-4.0.0-beta.38"
    "@girs/graphene-1.0" "1.0.0-4.0.0-beta.38"
    "@girs/harfbuzz-0.0" "11.5.0-4.0.0-beta.38"
    "@girs/pango-1.0" "1.57.0-4.0.0-beta.38"
    "@girs/pangocairo-1.0" "1.0.0-4.0.0-beta.38"

"@girs/gsk-4.0@4.0.0-4.0.0-beta.40":
  version "4.0.0-4.0.0-beta.40"
  resolved "https://registry.npmjs.org/@girs/gsk-4.0/-/gsk-4.0-4.0.0-4.0.0-beta.40.tgz"
  integrity sha512-hSNHG+E6O736vLgGtMcG50iiSoK/tRIVdsJ55H/AqyRCL2HzCzUIAQ7VTqsCgDGGs0N2P8i6Oq0FAZ7+4j/3IQ==
  dependencies:
    "@girs/cairo-1.0" "1.0.0-4.0.0-beta.40"
    "@girs/freetype2-2.0" "2.0.0-4.0.0-beta.40"
    "@girs/gdk-4.0" "4.0.0-4.0.0-beta.40"
    "@girs/gdkpixbuf-2.0" "2.0.0-4.0.0-beta.40"
    "@girs/gio-2.0" "2.86.4-4.0.0-beta.40"
    "@girs/gjs" "4.0.0-beta.40"
    "@girs/glib-2.0" "2.86.4-4.0.0-beta.40"
    "@girs/gmodule-2.0" "2.0.0-4.0.0-beta.40"
    "@girs/gobject-2.0" "2.86.4-4.0.0-beta.40"
    "@girs/graphene-1.0" "1.0.0-4.0.0-beta.40"
    "@girs/harfbuzz-0.0" "11.5.1-4.0.0-beta.40"
    "@girs/pango-1.0" "1.57.0-4.0.0-beta.40"
    "@girs/pangocairo-1.0" "1.0.0-4.0.0-beta.40"

"@girs/gsk-4.0@4.0.0-4.0.0-rc.5":
  version "4.0.0-4.0.0-rc.5"
  resolved "https://registry.npmjs.org/@girs/gsk-4.0/-/gsk-4.0-4.0.0-4.0.0-rc.5.tgz"
  integrity sha512-mNy7UUwACyaygJboB2wfJ0NYV/ZDROPhR1RGYWpXqxOTshFKqz1TmxIvUqFUTk/U05kRWTQASeTjETqja6BWNQ==
  dependencies:
    "@girs/cairo-1.0" "1.0.0-4.0.0-rc.5"
    "@girs/freetype2-2.0" "2.0.0-4.0.0-rc.5"
    "@girs/gdk-4.0" "4.0.0-4.0.0-rc.5"
    "@girs/gdkpixbuf-2.0" "2.0.0-4.0.0-rc.5"
    "@girs/gio-2.0" "2.88.0-4.0.0-rc.5"
    "@girs/gjs" "4.0.0-rc.5"
    "@girs/glib-2.0" "2.88.0-4.0.0-rc.5"
    "@girs/gmodule-2.0" "2.0.0-4.0.0-rc.5"
    "@girs/gobject-2.0" "2.88.0-4.0.0-rc.5"
    "@girs/graphene-1.0" "1.0.0-4.0.0-rc.5"
    "@girs/harfbuzz-0.0" "13.2.1-4.0.0-rc.5"
    "@girs/pango-1.0" "1.57.1-4.0.0-rc.5"
    "@girs/pangocairo-1.0" "1.0.0-4.0.0-rc.5"

"@girs/gtk-4.0@^4.20.1-4.0.0-beta.38":
  version "4.20.1-4.0.0-beta.38"
  resolved "https://registry.npmjs.org/@girs/gtk-4.0/-/gtk-4.0-4.20.1-4.0.0-beta.38.tgz"
  integrity sha512-lNujJDta1YK3/9Inp5HrtF/JOMN5EmD+3U7diRTyWNzc2KdaN2jO2mk90taaGK28xhoCC+VESkFkQAgFTwZXWw==
  dependencies:
    "@girs/cairo-1.0" "1.0.0-4.0.0-beta.38"
    "@girs/freetype2-2.0" "2.0.0-4.0.0-beta.38"
    "@girs/gdk-4.0" "4.0.0-4.0.0-beta.38"
    "@girs/gdkpixbuf-2.0" "2.0.0-4.0.0-beta.38"
    "@girs/gio-2.0" "2.86.0-4.0.0-beta.38"
    "@girs/gjs" "4.0.0-beta.38"
    "@girs/glib-2.0" "2.86.0-4.0.0-beta.38"
    "@girs/gmodule-2.0" "2.0.0-4.0.0-beta.38"
    "@girs/gobject-2.0" "2.86.0-4.0.0-beta.38"
    "@girs/graphene-1.0" "1.0.0-4.0.0-beta.38"
    "@girs/gsk-4.0" "4.0.0-4.0.0-beta.38"
    "@girs/harfbuzz-0.0" "11.5.0-4.0.0-beta.38"
    "@girs/pango-1.0" "1.57.0-4.0.0-beta.38"
    "@girs/pangocairo-1.0" "1.0.0-4.0.0-beta.38"

"@girs/gtk-4.0@4.20.3-4.0.0-beta.40":
  version "4.20.3-4.0.0-beta.40"
  resolved "https://registry.npmjs.org/@girs/gtk-4.0/-/gtk-4.0-4.20.3-4.0.0-beta.40.tgz"
  integrity sha512-rdAkZpt6IvyF8dvNsvC1cU8beQl1LesH0ZzpYArF0kg5KnKGDOqVGAAFjcz4QOHQ3LRiWJ47S5VT4n/TkCG76w==
  dependencies:
    "@girs/cairo-1.0" "1.0.0-4.0.0-beta.40"
    "@girs/freetype2-2.0" "2.0.0-4.0.0-beta.40"
    "@girs/gdk-4.0" "4.0.0-4.0.0-beta.40"
    "@girs/gdkpixbuf-2.0" "2.0.0-4.0.0-beta.40"
    "@girs/gio-2.0" "2.86.4-4.0.0-beta.40"
    "@girs/gjs" "4.0.0-beta.40"
    "@girs/glib-2.0" "2.86.4-4.0.0-beta.40"
    "@girs/gmodule-2.0" "2.0.0-4.0.0-beta.40"
    "@girs/gobject-2.0" "2.86.4-4.0.0-beta.40"
    "@girs/graphene-1.0" "1.0.0-4.0.0-beta.40"
    "@girs/gsk-4.0" "4.0.0-4.0.0-beta.40"
    "@girs/harfbuzz-0.0" "11.5.1-4.0.0-beta.40"
    "@girs/pango-1.0" "1.57.0-4.0.0-beta.40"
    "@girs/pangocairo-1.0" "1.0.0-4.0.0-beta.40"

"@girs/gtk-4.0@4.23.0-4.0.0-rc.5":
  version "4.23.0-4.0.0-rc.5"
  resolved "https://registry.npmjs.org/@girs/gtk-4.0/-/gtk-4.0-4.23.0-4.0.0-rc.5.tgz"
  integrity sha512-wS3KjcILv3vk/mJ8DDsTVULakLQn2pAtebR+yPe//qHG2kgsOXyw0WykCLXrCq0C8x+3goP3I1k2s+U4ce47BQ==
  dependencies:
    "@girs/cairo-1.0" "1.0.0-4.0.0-rc.5"
    "@girs/freetype2-2.0" "2.0.0-4.0.0-rc.5"
    "@girs/gdk-4.0" "4.0.0-4.0.0-rc.5"
    "@girs/gdkpixbuf-2.0" "2.0.0-4.0.0-rc.5"
    "@girs/gio-2.0" "2.88.0-4.0.0-rc.5"
    "@girs/gjs" "4.0.0-rc.5"
    "@girs/glib-2.0" "2.88.0-4.0.0-rc.5"
    "@girs/gmodule-2.0" "2.0.0-4.0.0-rc.5"
    "@girs/gobject-2.0" "2.88.0-4.0.0-rc.5"
    "@girs/graphene-1.0" "1.0.0-4.0.0-rc.5"
    "@girs/gsk-4.0" "4.0.0-4.0.0-rc.5"
    "@girs/harfbuzz-0.0" "13.2.1-4.0.0-rc.5"
    "@girs/pango-1.0" "1.57.1-4.0.0-rc.5"
    "@girs/pangocairo-1.0" "1.0.0-4.0.0-rc.5"

"@girs/gvc-1.0@^1.0.0-4.0.0-beta.38", "@girs/gvc-1.0@1.0.0-4.0.0-rc.5":
  version "1.0.0-4.0.0-rc.5"
  resolved "https://registry.npmjs.org/@girs/gvc-1.0/-/gvc-1.0-1.0.0-4.0.0-rc.5.tgz"
  integrity sha512-leBayBlQTuvj1LDlCDzoAbda+trKL/FuunnapYe9po9YEHgnXg+qHdVRiGUuaU9vjrS6o4mDxls4oTz+5Ruxxw==
  dependencies:
    "@girs/gio-2.0" "2.88.0-4.0.0-rc.5"
    "@girs/gjs" "4.0.0-rc.5"
    "@girs/glib-2.0" "2.88.0-4.0.0-rc.5"
    "@girs/gmodule-2.0" "2.0.0-4.0.0-rc.5"
    "@girs/gobject-2.0" "2.88.0-4.0.0-rc.5"

"@girs/harfbuzz-0.0@11.5.0-4.0.0-beta.38":
  version "11.5.0-4.0.0-beta.38"
  resolved "https://registry.npmjs.org/@girs/harfbuzz-0.0/-/harfbuzz-0.0-11.5.0-4.0.0-beta.38.tgz"
  integrity sha512-XRf/neZYpEkinNZ8SCRKIao3RNVJzMeYcjuO1b1tbqVCrN7uVZ+MIaDW5NjWKi0K6IQSyZWdDgkzrtOrIN4CWQ==
  dependencies:
    "@girs/freetype2-2.0" "2.0.0-4.0.0-beta.38"
    "@girs/gjs" "4.0.0-beta.38"
    "@girs/glib-2.0" "2.86.0-4.0.0-beta.38"
    "@girs/gobject-2.0" "2.86.0-4.0.0-beta.38"

"@girs/harfbuzz-0.0@11.5.1-4.0.0-beta.40":
  version "11.5.1-4.0.0-beta.40"
  resolved "https://registry.npmjs.org/@girs/harfbuzz-0.0/-/harfbuzz-0.0-11.5.1-4.0.0-beta.40.tgz"
  integrity sha512-cwR4WHJ9LtnvvXFUnkiFtWdInKvhlQUr3bQHmHiJxCjloQHHMNVA7CsrMDL/tRD9WoU77rQF6dB+uqSlRKT1zQ==
  dependencies:
    "@girs/freetype2-2.0" "2.0.0-4.0.0-beta.40"
    "@girs/gjs" "4.0.0-beta.40"
    "@girs/glib-2.0" "2.86.4-4.0.0-beta.40"
    "@girs/gobject-2.0" "2.86.4-4.0.0-beta.40"

"@girs/harfbuzz-0.0@13.2.1-4.0.0-rc.5":
  version "13.2.1-4.0.0-rc.5"
  resolved "https://registry.npmjs.org/@girs/harfbuzz-0.0/-/harfbuzz-0.0-13.2.1-4.0.0-rc.5.tgz"
  integrity sha512-tHr0XzseotmeCO6r/M8KYT30B457hAZv5oTgxVoKPtQM1cfE2smWfOKniqkcskHtWKo2nLz6Wra2oPVJ52e0GA==
  dependencies:
    "@girs/freetype2-2.0" "2.0.0-4.0.0-rc.5"
    "@girs/gjs" "4.0.0-rc.5"
    "@girs/glib-2.0" "2.88.0-4.0.0-rc.5"
    "@girs/gobject-2.0" "2.88.0-4.0.0-rc.5"

"@girs/meta-17@^17.0.0-4.0.0-beta.38", "@girs/meta-17@17.0.0-4.0.0-rc.5":
  version "17.0.0-4.0.0-rc.5"
  resolved "https://registry.npmjs.org/@girs/meta-17/-/meta-17-17.0.0-4.0.0-rc.5.tgz"
  integrity sha512-WliJBmGBAf3Spnfrzu/4hw6TkKFsLFIuiAMYUnkYZwpQHXjZ0nkNJnr7Wk0/15XOH3ObV3iXjBhXIYbuz62P5w==
  dependencies:
    "@girs/atk-1.0" "2.60.0-4.0.0-rc.5"
    "@girs/cairo-1.0" "1.0.0-4.0.0-rc.5"
    "@girs/clutter-17" "17.0.0-4.0.0-rc.5"
    "@girs/cogl-17" "17.0.0-4.0.0-rc.5"
    "@girs/freetype2-2.0" "2.0.0-4.0.0-rc.5"
    "@girs/gdesktopenums-3.0" "3.0.0-4.0.0-rc.5"
    "@girs/gio-2.0" "2.88.0-4.0.0-rc.5"
    "@girs/gjs" "4.0.0-rc.5"
    "@girs/gl-1.0" "1.0.0-4.0.0-rc.5"
    "@girs/glib-2.0" "2.88.0-4.0.0-rc.5"
    "@girs/gmodule-2.0" "2.0.0-4.0.0-rc.5"
    "@girs/gobject-2.0" "2.88.0-4.0.0-rc.5"
    "@girs/graphene-1.0" "1.0.0-4.0.0-rc.5"
    "@girs/harfbuzz-0.0" "13.2.1-4.0.0-rc.5"
    "@girs/mtk-17" "17.0.0-4.0.0-rc.5"
    "@girs/pango-1.0" "1.57.1-4.0.0-rc.5"
    "@girs/xfixes-4.0" "4.0.0-4.0.0-rc.5"
    "@girs/xlib-2.0" "2.0.0-4.0.0-rc.5"

"@girs/mtk-17@^17.0.0-4.0.0-beta.38", "@girs/mtk-17@17.0.0-4.0.0-rc.5":
  version "17.0.0-4.0.0-rc.5"
  resolved "https://registry.npmjs.org/@girs/mtk-17/-/mtk-17-17.0.0-4.0.0-rc.5.tgz"
  integrity sha512-szjeN16V0XOQoVvNJ0PS0usmGZSIPPNHy2BS2kPAmwDdVYcZAqj1ncHFncy63VDHllEZQDa9pAp56vl2XkpoAg==
  dependencies:
    "@girs/gjs" "4.0.0-rc.5"
    "@girs/glib-2.0" "2.88.0-4.0.0-rc.5"
    "@girs/gobject-2.0" "2.88.0-4.0.0-rc.5"
    "@girs/graphene-1.0" "1.0.0-4.0.0-rc.5"

"@girs/nm-1.0@1.56.0-4.0.0-rc.5":
  version "1.56.0-4.0.0-rc.5"
  resolved "https://registry.npmjs.org/@girs/nm-1.0/-/nm-1.0-1.56.0-4.0.0-rc.5.tgz"
  integrity sha512-qim7YHH+ckXRlUV2eQSPfHIktb5IeO27ShC9BLXliLP7/KnvKQkfn08RnYWMkxHlrQ8eWP7d+oycsjaD3VBPng==
  dependencies:
    "@girs/gio-2.0" "2.88.0-4.0.0-rc.5"
    "@girs/gjs" "4.0.0-rc.5"
    "@girs/glib-2.0" "2.88.0-4.0.0-rc.5"
    "@girs/gmodule-2.0" "2.0.0-4.0.0-rc.5"
    "@girs/gobject-2.0" "2.88.0-4.0.0-rc.5"

"@girs/pango-1.0@1.57.0-4.0.0-beta.38":
  version "1.57.0-4.0.0-beta.38"
  resolved "https://registry.npmjs.org/@girs/pango-1.0/-/pango-1.0-1.57.0-4.0.0-beta.38.tgz"
  integrity sha512-fnTzVVhKb4XjGrnuqk9X++KDe2bk84Hg5472O2UrtIT1A6dzMS6gWhSvaw0ULZH/Ypj9WN12B0oceWynR6unLw==
  dependencies:
    "@girs/cairo-1.0" "1.0.0-4.0.0-beta.38"
    "@girs/freetype2-2.0" "2.0.0-4.0.0-beta.38"
    "@girs/gio-2.0" "2.86.0-4.0.0-beta.38"
    "@girs/gjs" "4.0.0-beta.38"
    "@girs/glib-2.0" "2.86.0-4.0.0-beta.38"
    "@girs/gmodule-2.0" "2.0.0-4.0.0-beta.38"
    "@girs/gobject-2.0" "2.86.0-4.0.0-beta.38"
    "@girs/harfbuzz-0.0" "11.5.0-4.0.0-beta.38"

"@girs/pango-1.0@1.57.0-4.0.0-beta.40":
  version "1.57.0-4.0.0-beta.40"
  resolved "https://registry.npmjs.org/@girs/pango-1.0/-/pango-1.0-1.57.0-4.0.0-beta.40.tgz"
  integrity sha512-H8COoSffShFRilpCh9JQ6Lafd/WG+hPRKNkruvfmLAEcnIDnPDIS79BO3OOJz6E+QWqY9mwQIjqjjPwFcasuzA==
  dependencies:
    "@girs/cairo-1.0" "1.0.0-4.0.0-beta.40"
    "@girs/freetype2-2.0" "2.0.0-4.0.0-beta.40"
    "@girs/gio-2.0" "2.86.4-4.0.0-beta.40"
    "@girs/gjs" "4.0.0-beta.40"
    "@girs/glib-2.0" "2.86.4-4.0.0-beta.40"
    "@girs/gmodule-2.0" "2.0.0-4.0.0-beta.40"
    "@girs/gobject-2.0" "2.86.4-4.0.0-beta.40"
    "@girs/harfbuzz-0.0" "11.5.1-4.0.0-beta.40"

"@girs/pango-1.0@1.57.1-4.0.0-rc.5":
  version "1.57.1-4.0.0-rc.5"
  resolved "https://registry.npmjs.org/@girs/pango-1.0/-/pango-1.0-1.57.1-4.0.0-rc.5.tgz"
  integrity sha512-n+cbW50M/nwAo0ZEoRMoY3Y/DUY6cdKuWWCdgqSmbRPy1qqf3cqfIQtKK2le89TtN6Mfr3qKM2Ujpod/fpGobw==
  dependencies:
    "@girs/cairo-1.0" "1.0.0-4.0.0-rc.5"
    "@girs/freetype2-2.0" "2.0.0-4.0.0-rc.5"
    "@girs/gio-2.0" "2.88.0-4.0.0-rc.5"
    "@girs/gjs" "4.0.0-rc.5"
    "@girs/glib-2.0" "2.88.0-4.0.0-rc.5"
    "@girs/gmodule-2.0" "2.0.0-4.0.0-rc.5"
    "@girs/gobject-2.0" "2.88.0-4.0.0-rc.5"
    "@girs/harfbuzz-0.0" "13.2.1-4.0.0-rc.5"

"@girs/pangocairo-1.0@1.0.0-4.0.0-beta.38":
  version "1.0.0-4.0.0-beta.38"
  resolved "https://registry.npmjs.org/@girs/pangocairo-1.0/-/pangocairo-1.0-1.0.0-4.0.0-beta.38.tgz"
  integrity sha512-BY4rEgQW0H1c/24v+FGBjSZgZ6rk2Y4+ka9/WldUs74N1ZOh6nS4lHKUyy0antylQ7x0Fnw5UHgN0PbpdjkGuQ==
  dependencies:
    "@girs/cairo-1.0" "1.0.0-4.0.0-beta.38"
    "@girs/freetype2-2.0" "2.0.0-4.0.0-beta.38"
    "@girs/gio-2.0" "2.86.0-4.0.0-beta.38"
    "@girs/gjs" "4.0.0-beta.38"
    "@girs/glib-2.0" "2.86.0-4.0.0-beta.38"
    "@girs/gmodule-2.0" "2.0.0-4.0.0-beta.38"
    "@girs/gobject-2.0" "2.86.0-4.0.0-beta.38"
    "@girs/harfbuzz-0.0" "11.5.0-4.0.0-beta.38"
    "@girs/pango-1.0" "1.57.0-4.0.0-beta.38"

"@girs/pangocairo-1.0@1.0.0-4.0.0-beta.40":
  version "1.0.0-4.0.0-beta.40"
  resolved "https://registry.npmjs.org/@girs/pangocairo-1.0/-/pangocairo-1.0-1.0.0-4.0.0-beta.40.tgz"
  integrity sha512-CFvAGWXWN/Ui469met+Q39Tmyn910Y6g+pBxWC60q5T1F9jck7qjehn1/Jo6D7R/n2Bh1FVyjYK3JhIwIMGOyw==
  dependencies:
    "@girs/cairo-1.0" "1.0.0-4.0.0-beta.40"
    "@girs/freetype2-2.0" "2.0.0-4.0.0-beta.40"
    "@girs/gio-2.0" "2.86.4-4.0.0-beta.40"
    "@girs/gjs" "4.0.0-beta.40"
    "@girs/glib-2.0" "2.86.4-4.0.0-beta.40"
    "@girs/gmodule-2.0" "2.0.0-4.0.0-beta.40"
    "@girs/gobject-2.0" "2.86.4-4.0.0-beta.40"
    "@girs/harfbuzz-0.0" "11.5.1-4.0.0-beta.40"
    "@girs/pango-1.0" "1.57.0-4.0.0-beta.40"

"@girs/pangocairo-1.0@1.0.0-4.0.0-rc.5":
  version "1.0.0-4.0.0-rc.5"
  resolved "https://registry.npmjs.org/@girs/pangocairo-1.0/-/pangocairo-1.0-1.0.0-4.0.0-rc.5.tgz"
  integrity sha512-W4iZ/4igPJR90z0HN7HnCns+SiXO+QAEiYXSJfcakfutP/JXDsR3Wkmk5dB13MNzTmOAkxwbJzHxlxVWAIcIOA==
  dependencies:
    "@girs/cairo-1.0" "1.0.0-4.0.0-rc.5"
    "@girs/freetype2-2.0" "2.0.0-4.0.0-rc.5"
    "@girs/gio-2.0" "2.88.0-4.0.0-rc.5"
    "@girs/gjs" "4.0.0-rc.5"
    "@girs/glib-2.0" "2.88.0-4.0.0-rc.5"
    "@girs/gmodule-2.0" "2.0.0-4.0.0-rc.5"
    "@girs/gobject-2.0" "2.88.0-4.0.0-rc.5"
    "@girs/harfbuzz-0.0" "13.2.1-4.0.0-rc.5"
    "@girs/pango-1.0" "1.57.1-4.0.0-rc.5"

"@girs/polkit-1.0@^1.0.0-4.0.0-beta.38", "@girs/polkit-1.0@1.0.0-4.0.0-rc.5":
  version "1.0.0-4.0.0-rc.5"
  resolved "https://registry.npmjs.org/@girs/polkit-1.0/-/polkit-1.0-1.0.0-4.0.0-rc.5.tgz"
  integrity sha512-X1v/TNFmh1EJDZ0Oob7LWnbLXrKPhZ8bRCIBzVnhysMfOdI5GAr9iodbZ2p6IkjV7k98TD+Wrn6q/ESntD8BKw==
  dependencies:
    "@girs/gio-2.0" "2.88.0-4.0.0-rc.5"
    "@girs/gjs" "4.0.0-rc.5"
    "@girs/glib-2.0" "2.88.0-4.0.0-rc.5"
    "@girs/gmodule-2.0" "2.0.0-4.0.0-rc.5"
    "@girs/gobject-2.0" "2.88.0-4.0.0-rc.5"

"@girs/polkitagent-1.0@1.0.0-4.0.0-rc.5":
  version "1.0.0-4.0.0-rc.5"
  resolved "https://registry.npmjs.org/@girs/polkitagent-1.0/-/polkitagent-1.0-1.0.0-4.0.0-rc.5.tgz"
  integrity sha512-bMVhk3Dy584SlzF4vWjaCU/0cVV15ZK8X92MchelwiM/U29zt7vdR/Fk8UNN23/Z5EOXkkrFs+OQhLXsBqtpjA==
  dependencies:
    "@girs/gio-2.0" "2.88.0-4.0.0-rc.5"
    "@girs/gjs" "4.0.0-rc.5"
    "@girs/glib-2.0" "2.88.0-4.0.0-rc.5"
    "@girs/gmodule-2.0" "2.0.0-4.0.0-rc.5"
    "@girs/gobject-2.0" "2.88.0-4.0.0-rc.5"
    "@girs/polkit-1.0" "1.0.0-4.0.0-rc.5"

"@girs/shell-17@^17.0.0-4.0.0-beta.38":
  version "17.0.0-4.0.0-rc.5"
  resolved "https://registry.npmjs.org/@girs/shell-17/-/shell-17-17.0.0-4.0.0-rc.5.tgz"
  integrity sha512-axmjYgQelhg/Qmqa1/cGzy7ho3YYfEUVG3/cyDosjtxCPlF3Mdd5BJ2f4lVs2juOvFUQXTf06x7wSzClzDgOMQ==
  dependencies:
    "@girs/atk-1.0" "2.60.0-4.0.0-rc.5"
    "@girs/cairo-1.0" "1.0.0-4.0.0-rc.5"
    "@girs/clutter-17" "17.0.0-4.0.0-rc.5"
    "@girs/cogl-17" "17.0.0-4.0.0-rc.5"
    "@girs/freetype2-2.0" "2.0.0-4.0.0-rc.5"
    "@girs/gck-2" "4.4.0-4.0.0-rc.5"
    "@girs/gcr-4" "4.4.0-4.0.0-rc.5"
    "@girs/gdesktopenums-3.0" "3.0.0-4.0.0-rc.5"
    "@girs/gdkpixbuf-2.0" "2.0.0-4.0.0-rc.5"
    "@girs/gio-2.0" "2.88.0-4.0.0-rc.5"
    "@girs/giounix-2.0" "2.0.0-4.0.0-rc.5"
    "@girs/gjs" "4.0.0-rc.5"
    "@girs/gl-1.0" "1.0.0-4.0.0-rc.5"
    "@girs/glib-2.0" "2.88.0-4.0.0-rc.5"
    "@girs/gmodule-2.0" "2.0.0-4.0.0-rc.5"
    "@girs/gobject-2.0" "2.88.0-4.0.0-rc.5"
    "@girs/graphene-1.0" "1.0.0-4.0.0-rc.5"
    "@girs/gvc-1.0" "1.0.0-4.0.0-rc.5"
    "@girs/harfbuzz-0.0" "13.2.1-4.0.0-rc.5"
    "@girs/meta-17" "17.0.0-4.0.0-rc.5"
    "@girs/mtk-17" "17.0.0-4.0.0-rc.5"
    "@girs/nm-1.0" "1.56.0-4.0.0-rc.5"
    "@girs/pango-1.0" "1.57.1-4.0.0-rc.5"
    "@girs/polkit-1.0" "1.0.0-4.0.0-rc.5"
    "@girs/polkitagent-1.0" "1.0.0-4.0.0-rc.5"
    "@girs/st-17" "17.0.0-4.0.0-rc.5"
    "@girs/xfixes-4.0" "4.0.0-4.0.0-rc.5"
    "@girs/xlib-2.0" "2.0.0-4.0.0-rc.5"

"@girs/shew-0@^0.0.0-4.0.0-beta.38":
  version "0.0.0-4.0.0-rc.5"
  resolved "https://registry.npmjs.org/@girs/shew-0/-/shew-0-0.0.0-4.0.0-rc.5.tgz"
  integrity sha512-scoj+5Ia8lHwp5Wv84EHtgR+G71D2s0rmidvjaKFhGdBULllS5mBvYOKk+tVwjA1Q9oXLbFo5B+Us7L/Mvse/Q==
  dependencies:
    "@girs/cairo-1.0" "1.0.0-4.0.0-rc.5"
    "@girs/freetype2-2.0" "2.0.0-4.0.0-rc.5"
    "@girs/gdk-4.0" "4.0.0-4.0.0-rc.5"
    "@girs/gdkpixbuf-2.0" "2.0.0-4.0.0-rc.5"
    "@girs/gio-2.0" "2.88.0-4.0.0-rc.5"
    "@girs/gjs" "4.0.0-rc.5"
    "@girs/glib-2.0" "2.88.0-4.0.0-rc.5"
    "@girs/gmodule-2.0" "2.0.0-4.0.0-rc.5"
    "@girs/gobject-2.0" "2.88.0-4.0.0-rc.5"
    "@girs/graphene-1.0" "1.0.0-4.0.0-rc.5"
    "@girs/gsk-4.0" "4.0.0-4.0.0-rc.5"
    "@girs/gtk-4.0" "4.23.0-4.0.0-rc.5"
    "@girs/harfbuzz-0.0" "13.2.1-4.0.0-rc.5"
    "@girs/pango-1.0" "1.57.1-4.0.0-rc.5"
    "@girs/pangocairo-1.0" "1.0.0-4.0.0-rc.5"

"@girs/st-17@^17.0.0-4.0.0-beta.38", "@girs/st-17@17.0.0-4.0.0-rc.5":
  version "17.0.0-4.0.0-rc.5"
  resolved "https://registry.npmjs.org/@girs/st-17/-/st-17-17.0.0-4.0.0-rc.5.tgz"
  integrity sha512-AEjcJoig5UgNhW+jdb8qJCSua4Lblmcn5fR5MCl4X9VJlLVwuIgS/XfEsH8PLu0PVUYLg8KRleeVBbowe9KoFg==
  dependencies:
    "@girs/atk-1.0" "2.60.0-4.0.0-rc.5"
    "@girs/cairo-1.0" "1.0.0-4.0.0-rc.5"
    "@girs/clutter-17" "17.0.0-4.0.0-rc.5"
    "@girs/cogl-17" "17.0.0-4.0.0-rc.5"
    "@girs/freetype2-2.0" "2.0.0-4.0.0-rc.5"
    "@girs/gdesktopenums-3.0" "3.0.0-4.0.0-rc.5"
    "@girs/gdkpixbuf-2.0" "2.0.0-4.0.0-rc.5"
    "@girs/gio-2.0" "2.88.0-4.0.0-rc.5"
    "@girs/gjs" "4.0.0-rc.5"
    "@girs/gl-1.0" "1.0.0-4.0.0-rc.5"
    "@girs/glib-2.0" "2.88.0-4.0.0-rc.5"
    "@girs/gmodule-2.0" "2.0.0-4.0.0-rc.5"
    "@girs/gobject-2.0" "2.88.0-4.0.0-rc.5"
    "@girs/graphene-1.0" "1.0.0-4.0.0-rc.5"
    "@girs/harfbuzz-0.0" "13.2.1-4.0.0-rc.5"
    "@girs/meta-17" "17.0.0-4.0.0-rc.5"
    "@girs/mtk-17" "17.0.0-4.0.0-rc.5"
    "@girs/pango-1.0" "1.57.1-4.0.0-rc.5"
    "@girs/xfixes-4.0" "4.0.0-4.0.0-rc.5"
    "@girs/xlib-2.0" "2.0.0-4.0.0-rc.5"

"@girs/upowerglib-1.0@^0.99.1-4.0.0-beta.38":
  version "0.99.1-4.0.0-beta.40"
  resolved "https://registry.npmjs.org/@girs/upowerglib-1.0/-/upowerglib-1.0-0.99.1-4.0.0-beta.40.tgz"
  integrity sha512-J4+XAEIg1ZsGOId49KcIpAW/8ARzBudbSbFyO4FVCavA+1YZC5ENfbL+QEP4w2T1BkRSvdtIM2161zB4nL1prQ==
  dependencies:
    "@girs/gio-2.0" "2.86.4-4.0.0-beta.40"
    "@girs/gjs" "4.0.0-beta.40"
    "@girs/glib-2.0" "2.86.4-4.0.0-beta.40"
    "@girs/gmodule-2.0" "2.0.0-4.0.0-beta.40"
    "@girs/gobject-2.0" "2.86.4-4.0.0-beta.40"

"@girs/xfixes-4.0@4.0.0-4.0.0-rc.5":
  version "4.0.0-4.0.0-rc.5"
  resolved "https://registry.npmjs.org/@girs/xfixes-4.0/-/xfixes-4.0-4.0.0-4.0.0-rc.5.tgz"
  integrity sha512-8VVTCeAZ7N4jcLdf4Zrr/5EmYshWV2OPTrm6Q3dvx2dwp6lbnp0VwoK+omwspiZqPEHqZPt7Q2FX0IP+Wzf42w==
  dependencies:
    "@girs/gjs" "4.0.0-rc.5"
    "@girs/gobject-2.0" "2.88.0-4.0.0-rc.5"

"@girs/xlib-2.0@2.0.0-4.0.0-rc.5":
  version "2.0.0-4.0.0-rc.5"
  resolved "https://registry.npmjs.org/@girs/xlib-2.0/-/xlib-2.0-2.0.0-4.0.0-rc.5.tgz"
  integrity sha512-0HTPARF5W6HdWI1Vs8YEaCRe0dofj1T1VB3jmksx4gVqA8Dz3R9vTRaUR4lzzMP/2AC87tfpoyk5aUcjvZISvA==
  dependencies:
    "@girs/gjs" "4.0.0-rc.5"
    "@girs/gobject-2.0" "2.88.0-4.0.0-rc.5"

typescript@^6.0.3:
  version "6.0.3"
  resolved "https://registry.npmjs.org/typescript/-/typescript-6.0.3.tgz"
  integrity sha512-y2TvuxSZPDyQakkFRPZHKFm+KKVqIisdg9/CZwm9ftvKXLP8NRWj38/ODjNbr43SsoXqNuAisEf1GdCxqWcdBw==
